# THIS IS AN AUTOGENERATED FILE. DO NOT EDIT THIS FILE DIRECTLY.
# yarn lockfile v1


"@babel/runtime@^7.5.5", "@babel/runtime@^7.8.7":
  "integrity" "sha512-WBwekcqacdY2e9AF/Q7WLFUWmdJGJTkbjqTjoMDgXkVZ3ZRUvOPsLb5KdwISoQVsbP+DQzVZW4Zhci0DvpbNTQ=="
  "resolved" "https://registry.npmmirror.com/@babel/runtime/download/@babel/runtime-7.16.3.tgz?cache=0&sync_timestamp=1636494819594&other_urls=https%3A%2F%2Fregistry.npmmirror.com%2F%40babel%2Fruntime%2Fdownload%2F%40babel%2Fruntime-7.16.3.tgz"
  "version" "7.16.3"
  dependencies:
    "regenerator-runtime" "^0.13.4"

"csstype@^3.0.2":
  "integrity" "sha512-2u44ZG2OcNUO9HDp/Jl8C07x6pU/eTR3ncV91SiK3dhG9TWvRVsCoJw14Ckx5DgWkzGA3waZWO3d7pgqpUI/XA=="
  "resolved" "https://registry.npmmirror.com/csstype/download/csstype-3.0.10.tgz?cache=0&sync_timestamp=1637224514674&other_urls=https%3A%2F%2Fregistry.npmmirror.com%2Fcsstype%2Fdownload%2Fcsstype-3.0.10.tgz"
  "version" "3.0.10"

"dom-helpers@^5.0.1":
  "integrity" "sha1-2UAFNrK/giWtmP4FLgKUUaxA6QI="
  "resolved" "https://registry.nlark.com/dom-helpers/download/dom-helpers-5.2.1.tgz"
  "version" "5.2.1"
  dependencies:
    "@babel/runtime" "^7.8.7"
    "csstype" "^3.0.2"

"js-tokens@^3.0.0 || ^4.0.0":
  "integrity" "sha1-GSA/tZmR35jjoocFDUZHzerzJJk="
  "resolved" "https://registry.nlark.com/js-tokens/download/js-tokens-4.0.0.tgz"
  "version" "4.0.0"

"loose-envify@^1.4.0":
  "integrity" "sha1-ce5R+nvkyuwaY4OffmgtgTLTDK8="
  "resolved" "https://registry.npm.taobao.org/loose-envify/download/loose-envify-1.4.0.tgz"
  "version" "1.4.0"
  dependencies:
    "js-tokens" "^3.0.0 || ^4.0.0"

"object-assign@^4.1.1":
  "integrity" "sha1-IQmtx5ZYh8/AXLvUQsrIv7s2CGM="
  "resolved" "https://registry.npm.taobao.org/object-assign/download/object-assign-4.1.1.tgz"
  "version" "4.1.1"

"prop-types@^15.6.2":
  "integrity" "sha1-UsQedbjIfnK52TYOAga5ncv/psU="
  "resolved" "https://registry.npm.taobao.org/prop-types/download/prop-types-15.7.2.tgz?cache=0&sync_timestamp=1615984425557&other_urls=https%3A%2F%2Fregistry.npm.taobao.org%2Fprop-types%2Fdownload%2Fprop-types-15.7.2.tgz"
  "version" "15.7.2"
  dependencies:
    "loose-envify" "^1.4.0"
    "object-assign" "^4.1.1"
    "react-is" "^16.8.1"

"react-is@^16.8.1":
  "integrity" "sha1-eJcppNw23imZ3BVt1sHZwYzqVqQ="
  "resolved" "https://registry.npmmirror.com/react-is/download/react-is-16.13.1.tgz"
  "version" "16.13.1"

"react-transition-group@^4.4.2":
  "integrity" "sha1-i1mlbwnO17VcvVPDZ2i5IokNVHA="
  "resolved" "https://registry.nlark.com/react-transition-group/download/react-transition-group-4.4.2.tgz?cache=0&sync_timestamp=1622301030407&other_urls=https%3A%2F%2Fregistry.nlark.com%2Freact-transition-group%2Fdownload%2Freact-transition-group-4.4.2.tgz"
  "version" "4.4.2"
  dependencies:
    "@babel/runtime" "^7.5.5"
    "dom-helpers" "^5.0.1"
    "loose-envify" "^1.4.0"
    "prop-types" "^15.6.2"

"regenerator-runtime@^0.13.4":
  "integrity" "sha1-iSV0Kpj/2QgUmI11Zq0wyjsmO1I="
  "resolved" "https://registry.nlark.com/regenerator-runtime/download/regenerator-runtime-0.13.9.tgz?cache=0&sync_timestamp=1626993001371&other_urls=https%3A%2F%2Fregistry.nlark.com%2Fregenerator-runtime%2Fdownload%2Fregenerator-runtime-0.13.9.tgz"
  "version" "0.13.9"

"yarn@^1.22.19":
  "integrity" "sha512-/0V5q0WbslqnwP91tirOvldvYISzaqhClxzyUKXYxs07yUILIs5jx/k6CFe8bvKSkds5w+eiOqta39Wk3WxdcQ=="
  "resolved" "https://registry.npmjs.org/yarn/-/yarn-1.22.19.tgz"
  "version" "1.22.19"
